
Microsoft Visual Studio Solution File, Format Version 12.00
# Visual Studio 15
VisualStudioVersion = 15.0.26430.14
MinimumVisualStudioVersion = 10.0.40219.1
Project("{FAE04EC0-301F-11D3-BF4B-00C04F79EFBC}") = "SchemaRegistry.ConsoleTool", "SchemaRegistry.ConsoleTool\SchemaRegistry.ConsoleTool.csproj", "{C8E7B782-6DC0-4B86-B8ED-EE91A5C06B96}"
EndProject
Project("{9A19103F-16F7-4668-BE54-9A1E7A4F7556}") = "SchemaRegistry", "SchemaRegistry\SchemaRegistry.csproj", "{04CEB936-D15E-475B-9AFB-EC6642985AF5}"
EndProject
Project("{9A19103F-16F7-4668-BE54-9A1E7A4F7556}") = "SchemaRegistry.Core.ConsoleTool", "SchemaRegistry.Core.ConsoleTool\SchemaRegistry.Core.ConsoleTool.csproj", "{9CF10442-19FF-47AB-97E2-CADA25FC31FD}"
EndProject
Project("{FAE04EC0-301F-11D3-BF4B-00C04F79EFBC}") = "SchemaRegistry.Tests", "SchemaRegistry.Tests\SchemaRegistry.Tests.csproj", "{FCAB2060-BD99-4E39-BB4D-D1D6A23B8ED6}"
EndProject
Global
	GlobalSection(SolutionConfigurationPlatforms) = preSolution
		Debug|Any CPU = Debug|Any CPU
		Release|Any CPU = Release|Any CPU
	EndGlobalSection
	GlobalSection(ProjectConfigurationPlatforms) = postSolution
		{C8E7B782-6DC0-4B86-B8ED-EE91A5C06B96}.Debug|Any CPU.ActiveCfg = Debug|Any CPU
		{C8E7B782-6DC0-4B86-B8ED-EE91A5C06B96}.Debug|Any CPU.Build.0 = Debug|Any CPU
		{C8E7B782-6DC0-4B86-B8ED-EE91A5C06B96}.Release|Any CPU.ActiveCfg = Release|Any CPU
		{C8E7B782-6DC0-4B86-B8ED-EE91A5C06B96}.Release|Any CPU.Build.0 = Release|Any CPU
		{04CEB936-D15E-475B-9AFB-EC6642985AF5}.Debug|Any CPU.ActiveCfg = Debug|Any CPU
		{04CEB936-D15E-475B-9AFB-EC6642985AF5}.Debug|Any CPU.Build.0 = Debug|Any CPU
		{04CEB936-D15E-475B-9AFB-EC6642985AF5}.Release|Any CPU.ActiveCfg = Release|Any CPU
		{04CEB936-D15E-475B-9AFB-EC6642985AF5}.Release|Any CPU.Build.0 = Release|Any CPU
		{9CF10442-19FF-47AB-97E2-CADA25FC31FD}.Debug|Any CPU.ActiveCfg = Debug|Any CPU
		{9CF10442-19FF-47AB-97E2-CADA25FC31FD}.Debug|Any CPU.Build.0 = Debug|Any CPU
		{9CF10442-19FF-47AB-97E2-CADA25FC31FD}.Release|Any CPU.ActiveCfg = Release|Any CPU
		{9CF10442-19FF-47AB-97E2-CADA25FC31FD}.Release|Any CPU.Build.0 = Release|Any CPU
		{FCAB2060-BD99-4E39-BB4D-D1D6A23B8ED6}.Debug|Any CPU.ActiveCfg = Debug|Any CPU
		{FCAB2060-BD99-4E39-BB4D-D1D6A23B8ED6}.Debug|Any CPU.Build.0 = Debug|Any CPU
		{FCAB2060-BD99-4E39-BB4D-D1D6A23B8ED6}.Release|Any CPU.ActiveCfg = Release|Any CPU
		{FCAB2060-BD99-4E39-BB4D-D1D6A23B8ED6}.Release|Any CPU.Build.0 = Release|Any CPU
	EndGlobalSection
	GlobalSection(SolutionProperties) = preSolution
		HideSolutionNode = FALSE
	EndGlobalSection
EndGlobal
